
Microsoft Visual Studio Solution File, Format Version 12.00
# Visual Studio Version 17
VisualStudioVersion = 17.4.33213.308
MinimumVisualStudioVersion = 10.0.40219.1
Project("{FAE04EC0-301F-11D3-BF4B-00C04F79EFBC}") = "Labb5", "Labb5.csproj", "{8A527AD8-8359-4140-B840-872FFFDF6340}"
EndProject
Global
	GlobalSection(SolutionConfigurationPlatforms) = preSolution
		Debug|Any CPU = Debug|Any CPU
		Release|Any CPU = Release|Any CPU
	EndGlobalSection
	GlobalSection(ProjectConfigurationPlatforms) = postSolution
		{8A527AD8-8359-4140-B840-872FFFDF6340}.Debug|Any CPU.ActiveCfg = Debug|Any CPU
		{8A527AD8-8359-4140-B840-872FFFDF6340}.Debug|Any CPU.Build.0 = Debug|Any CPU
		{8A527AD8-8359-4140-B840-872FFFDF6340}.Release|Any CPU.ActiveCfg = Release|Any CPU
		{8A527AD8-8359-4140-B840-872FFFDF6340}.Release|Any CPU.Build.0 = Release|Any CPU
	EndGlobalSection
	GlobalSection(SolutionProperties) = preSolution
		HideSolutionNode = FALSE
	EndGlobalSection
	GlobalSection(ExtensibilityGlobals) = postSolution
		SolutionGuid = {12ACA18A-505E-49DE-BFF6-65AFEE2F7F1F}
	EndGlobalSection
EndGlobal
